
Microsoft Visual Studio Solution File, Format Version 12.00
# Visual Studio Version 16
VisualStudioVersion = 16.0.31129.286
MinimumVisualStudioVersion = 10.0.40219.1
Project("{FAE04EC0-301F-11D3-BF4B-00C04F79EFBC}") = "SYBD", "SYBD.csproj", "{93C674C7-2216-4CCA-BC08-FA74C9D403DA}"
EndProject
Global
	GlobalSection(SolutionConfigurationPlatforms) = preSolution
		Debug|Any CPU = Debug|Any CPU
		Release|Any CPU = Release|Any CPU
	EndGlobalSection
	GlobalSection(ProjectConfigurationPlatforms) = postSolution
		{93C674C7-2216-4CCA-BC08-FA74C9D403DA}.Debug|Any CPU.ActiveCfg = Debug|Any CPU
		{93C674C7-2216-4CCA-BC08-FA74C9D403DA}.Debug|Any CPU.Build.0 = Debug|Any CPU
		{93C674C7-2216-4CCA-BC08-FA74C9D403DA}.Release|Any CPU.ActiveCfg = Release|Any CPU
		{93C674C7-2216-4CCA-BC08-FA74C9D403DA}.Release|Any CPU.Build.0 = Release|Any CPU
	EndGlobalSection
	GlobalSection(SolutionProperties) = preSolution
		HideSolutionNode = FALSE
	EndGlobalSection
	GlobalSection(ExtensibilityGlobals) = postSolution
		SolutionGuid = {9EBD90BB-D55C-453F-8A1C-B93407F8CC39}
	EndGlobalSection
EndGlobal
